github.com/lib/pq v1.10.2 h1:AqzbZs4ZoCBp+GtejcpCpcxM3zlSMx29dXbUSeVtJb8=
github.com/lib/pq v1.10.2/go.mod h1:AlVN5x4E4T544tWzH6hKfbfQvm3HdbOxrmggDNAPY9o=
github.com/mattn/go-sqlite3 v1.14.15 h1:vfoHhTN1af61xCRSWzFIWzx2YskyMTwHLrExkBOjvxI=
github.com/mattn/go-sqlite3 v1.14.15/go.mod h1:2eHXhiwb8IkHr+BDWZGa96P6+rkvnG63S2DGjv9HUNg=
